
Microsoft Visual Studio Solution File, Format Version 12.00
# Visual Studio 2012
Project("{FAE04EC0-301F-11D3-BF4B-00C04F79EFBC}") = "DiamondKata", "DiamondKata.csproj", "{09DC919D-77E1-4CAB-BCD4-C0160D0EDBE7}"
EndProject
Global
	GlobalSection(SolutionConfigurationPlatforms) = preSolution
		Debug|Any CPU = Debug|Any CPU
		Release|Any CPU = Release|Any CPU
	EndGlobalSection
	GlobalSection(ProjectConfigurationPlatforms) = postSolution
		{09DC919D-77E1-4CAB-BCD4-C0160D0EDBE7}.Debug|Any CPU.ActiveCfg = Debug|Any CPU
		{09DC919D-77E1-4CAB-BCD4-C0160D0EDBE7}.Debug|Any CPU.Build.0 = Debug|Any CPU
		{09DC919D-77E1-4CAB-BCD4-C0160D0EDBE7}.Release|Any CPU.ActiveCfg = Release|Any CPU
		{09DC919D-77E1-4CAB-BCD4-C0160D0EDBE7}.Release|Any CPU.Build.0 = Release|Any CPU
	EndGlobalSection
EndGlobal
